# This file was autogenerated by Stack.
# You should not edit this file by hand.
# For more information, please see the documentation at:
#   https://docs.haskellstack.org/en/stable/lock_files

packages:
- completed:
    hackage: ghci-pretty-0.0.2@sha256:5f6c2a9f1d391aa0ad3c3d0bfe1f39decfe94be50fbf5a5279e2dbc18f8b4c51,1409
    pantry-tree:
      size: 319
      sha256: a4b88a62d7713697bf45af6997ab1f0383a9425eacf8611cb420c135c0b30baf
  original:
    hackage: ghci-pretty-0.0.2
- completed:
    hackage: ipprint-0.6@sha256:48ffe7c5acab06fbd70a68aa12bc980cc33dcf8f41bd76d692e3dee8805584c7,1417
    pantry-tree:
      size: 202
      sha256: c23445b7f035386d53b3046694672d165a5dfc9f20061c6ed5d3cd29ff0ef655
  original:
    hackage: ipprint-0.6
- completed:
    hackage: sr-extra-1.46.3.2@sha256:d4eadfbd2238479559d9683dae6d0857534de87a67e05897f30fe582f7602713,1415
    pantry-tree:
      size: 1364
      sha256: 63b2518ccd6fdbba748e1d86cd7dfdf315953135f7f6195cc852e1c5ad9bb121
  original:
    hackage: sr-extra-1.46.3.2
- completed:
    hackage: Unixutils-1.54.1@sha256:c6afbaf6d68ba229d0d262e066376c300f25b798d5752f162476155cadf1114d,1123
    pantry-tree:
      size: 721
      sha256: 8937255aca34ba7aa7d92cb61a7f36a15ed71074d3c9c10240a8d696b22e8881
  original:
    hackage: Unixutils-1.54.1
snapshots:
- completed:
    size: 526979
    url: https://raw.githubusercontent.com/commercialhaskell/stackage-snapshots/master/lts/11/12.yaml
    sha256: 267567ce3a3d2898a117fc22170e3991e7c098493ce79e246f0529701de856d1
  original: lts-11.12
